
Microsoft Visual Studio Solution File, Format Version 12.00
# Visual Studio 15
VisualStudioVersion = 15.0.27130.2027
MinimumVisualStudioVersion = 10.0.40219.1
Project("{FAE04EC0-301F-11D3-BF4B-00C04F79EFBC}") = "WoMInterface", "WoMInterface\WoMInterface.csproj", "{1D70A22E-64EC-45DB-BCC3-C1F054BC9ECA}"
EndProject
Project("{FAE04EC0-301F-11D3-BF4B-00C04F79EFBC}") = "WoMInterfaceTest", "WoMInterfaceTest\WoMInterfaceTest.csproj", "{449E9E71-A357-44C1-8616-115F326E5919}"
EndProject
Project("{2150E333-8FDC-42A3-9474-1A3956D46DE8}") = ".nuget", ".nuget", "{FB4BE966-ECF6-4923-A0ED-3CB98DAF3591}"
	ProjectSection(SolutionItems) = preProject
		..\..\..\source\repos\NBitcoin\.nuget\NuGet.Config = ..\..\..\source\repos\NBitcoin\.nuget\NuGet.Config
		..\..\..\source\repos\NBitcoin\.nuget\NuGet.exe = ..\..\..\source\repos\NBitcoin\.nuget\NuGet.exe
		..\..\..\source\repos\NBitcoin\.nuget\NuGet.targets = ..\..\..\source\repos\NBitcoin\.nuget\NuGet.targets
	EndProjectSection
EndProject
Global
	GlobalSection(SolutionConfigurationPlatforms) = preSolution
		Debug|Any CPU = Debug|Any CPU
		Release|Any CPU = Release|Any CPU
	EndGlobalSection
	GlobalSection(ProjectConfigurationPlatforms) = postSolution
		{1D70A22E-64EC-45DB-BCC3-C1F054BC9ECA}.Debug|Any CPU.ActiveCfg = Debug|Any CPU
		{1D70A22E-64EC-45DB-BCC3-C1F054BC9ECA}.Debug|Any CPU.Build.0 = Debug|Any CPU
		{1D70A22E-64EC-45DB-BCC3-C1F054BC9ECA}.Release|Any CPU.ActiveCfg = Release|Any CPU
		{1D70A22E-64EC-45DB-BCC3-C1F054BC9ECA}.Release|Any CPU.Build.0 = Release|Any CPU
		{449E9E71-A357-44C1-8616-115F326E5919}.Debug|Any CPU.ActiveCfg = Debug|Any CPU
		{449E9E71-A357-44C1-8616-115F326E5919}.Debug|Any CPU.Build.0 = Debug|Any CPU
		{449E9E71-A357-44C1-8616-115F326E5919}.Release|Any CPU.ActiveCfg = Release|Any CPU
		{449E9E71-A357-44C1-8616-115F326E5919}.Release|Any CPU.Build.0 = Release|Any CPU
	EndGlobalSection
	GlobalSection(SolutionProperties) = preSolution
		HideSolutionNode = FALSE
	EndGlobalSection
	GlobalSection(ExtensibilityGlobals) = postSolution
		SolutionGuid = {A1246380-43E4-4710-99A7-F7524458155E}
	EndGlobalSection
EndGlobal
